
Microsoft Visual Studio Solution File, Format Version 12.00
# Visual Studio Version 17
VisualStudioVersion = 17.0.31903.59
MinimumVisualStudioVersion = 10.0.40219.1
Project("{9A19103F-16F7-4668-BE54-9A1E7A4F7556}") = "CodeRefactoringsForVisualStudio.Tests", "CodeRefactoringsForVisualStudio.Tests\CodeRefactoringsForVisualStudio.Tests.csproj", "{EB11AB11-96C0-4FAA-A242-D14BB278F1C6}"
EndProject
Project("{9A19103F-16F7-4668-BE54-9A1E7A4F7556}") = "InvertAssignmentDirection", "InvertAssignmentDirection\InvertAssignmentDirection\InvertAssignmentDirection.csproj", "{FE114F42-D022-481A-94E3-2BB98766A936}"
EndProject
Project("{FAE04EC0-301F-11D3-BF4B-00C04F79EFBC}") = "InvertAssignmentDirection.Vsix", "InvertAssignmentDirection\InvertAssignmentDirection.Vsix\InvertAssignmentDirection.Vsix.csproj", "{BF68B22E-4D1C-4B5F-800A-4536D9B48F0F}"
EndProject
Project("{9A19103F-16F7-4668-BE54-9A1E7A4F7556}") = "CodeRefactoringsForVisualStudio.Extensions", "CodeRefactoringsForVisualStudio.Extensions\CodeRefactoringsForVisualStudio.Extensions.csproj", "{BCD6821B-3A83-495F-B798-343F7182769B}"
EndProject
Project("{9A19103F-16F7-4668-BE54-9A1E7A4F7556}") = "ConvertToFullWPFProperty", "ConvertToFullWPFProperty\ConvertToFullWPFProperty\ConvertToFullWPFProperty.csproj", "{81838463-3976-45D8-9B45-6B4C63464C4B}"
EndProject
Project("{9A19103F-16F7-4668-BE54-9A1E7A4F7556}") = "EncapsulateFieldForWPF", "EncapsulateFieldForWPF\EncapsulateFieldForWPF\EncapsulateFieldForWPF.csproj", "{2AD133BA-740F-45E3-9096-EE891435840C}"
EndProject
Project("{FAE04EC0-301F-11D3-BF4B-00C04F79EFBC}") = "ConvertToFullWPFProperty.Vsix", "ConvertToFullWPFProperty\ConvertToFullWPFProperty.Vsix\ConvertToFullWPFProperty.Vsix.csproj", "{AF0791D0-E054-4E6F-97C7-670B9C2886EE}"
EndProject
Project("{FAE04EC0-301F-11D3-BF4B-00C04F79EFBC}") = "EncapsulateFieldForWPF.Vsix", "EncapsulateFieldForWPF\EncapsulateFieldForWPF.Vsix\EncapsulateFieldForWPF.Vsix.csproj", "{FE6B34DD-ECA5-443D-A5AB-129C607D8C66}"
EndProject
Project("{9A19103F-16F7-4668-BE54-9A1E7A4F7556}") = "IntroduceParameterObject", "IntroduceParameterObject\IntroduceParameterObject\IntroduceParameterObject.csproj", "{349C2D32-16F2-456F-A7D5-85C504CB3352}"
EndProject
Project("{2150E333-8FDC-42A3-9474-1A3956D46DE8}") = "Solution Items", "Solution Items", "{A4A4741D-A0A1-44AD-8F3C-1CD73DF63D37}"
	ProjectSection(SolutionItems) = preProject
		README.md = README.md
	EndProjectSection
EndProject
Project("{2150E333-8FDC-42A3-9474-1A3956D46DE8}") = "RenameVariableAfterTypeCodeRefactoring", "RenameVariableAfterTypeCodeRefactoring", "{54B9B57C-654A-4894-B553-4DCCFEFD9A82}"
EndProject
Project("{2150E333-8FDC-42A3-9474-1A3956D46DE8}") = "InvertAssignmentDirectionCodeRefactoring", "InvertAssignmentDirectionCodeRefactoring", "{53B60D45-8F1F-44EC-8522-BBEE68E74537}"
EndProject
Project("{2150E333-8FDC-42A3-9474-1A3956D46DE8}") = "EncapsulateFieldForWPFCodeRefactoring", "EncapsulateFieldForWPFCodeRefactoring", "{167FD632-921F-4EDE-A4A9-2BBEE6567A47}"
EndProject
Project("{2150E333-8FDC-42A3-9474-1A3956D46DE8}") = "ConvertToFullWPFPropertyCodeRefactoring", "ConvertToFullWPFPropertyCodeRefactoring", "{712F0CBB-F153-45FE-84B2-0DC5D86DD7C0}"
EndProject
Project("{2150E333-8FDC-42A3-9474-1A3956D46DE8}") = "MediatRAddRequestHandlerAndRequestCodeRefactoring", "MediatRAddRequestHandlerAndRequestCodeRefactoring", "{0A531BC9-8BDA-4E3F-98DC-81AE8B03E924}"
EndProject
Project("{FAE04EC0-301F-11D3-BF4B-00C04F79EFBC}") = "IntroduceParameterObject.Vsix", "IntroduceParameterObject\IntroduceParameterObject.Vsix\IntroduceParameterObject.Vsix.csproj", "{3B6DEB53-E66F-4450-A4E0-1DD647533888}"
EndProject
Project("{2150E333-8FDC-42A3-9474-1A3956D46DE8}") = "IntroduceParameterObjectCodeRefactoring", "IntroduceParameterObjectCodeRefactoring", "{77C278D1-09E9-4E98-9C08-1B7EABD9738B}"
EndProject
Project("{9A19103F-16F7-4668-BE54-9A1E7A4F7556}") = "MediatRAddRequestHandlerAndRequest", "MediatRAddRequestHandlerAndRequest\MediatRAddRequestHandlerAndRequest\MediatRAddRequestHandlerAndRequest.csproj", "{3C2D415B-C81B-4F4F-914B-50BEBEA357FE}"
EndProject
Project("{FAE04EC0-301F-11D3-BF4B-00C04F79EFBC}") = "MediatRAddRequestHandlerAndRequest.Vsix", "MediatRAddRequestHandlerAndRequest\MediatRAddRequestHandlerAndRequest.Vsix\MediatRAddRequestHandlerAndRequest.Vsix.csproj", "{C8E3D4B9-87C4-4414-A8D5-1AD9703742D1}"
EndProject
Project("{9A19103F-16F7-4668-BE54-9A1E7A4F7556}") = "RenameVariableAfterType", "RenameVariableAfterType\RenameVariableAfterType\RenameVariableAfterType.csproj", "{54E030C6-CEEC-46F4-A4F1-45EFB6F1954F}"
EndProject
Project("{FAE04EC0-301F-11D3-BF4B-00C04F79EFBC}") = "RenameVariableAfterType.Vsix", "RenameVariableAfterType\RenameVariableAfterType.Vsix\RenameVariableAfterType.Vsix.csproj", "{56D5EC48-6C03-4AC4-A415-67D2DA8FFDE3}"
EndProject
Project("{FAE04EC0-301F-11D3-BF4B-00C04F79EFBC}") = "CopyPasteWithConversion.Vsix", "CopyPasteWithConversion\CopyPasteWithConversion.Vsix\CopyPasteWithConversion.Vsix.csproj", "{F3B99878-F0DB-4E50-86CF-C34BC84760AE}"
EndProject
Project("{9A19103F-16F7-4668-BE54-9A1E7A4F7556}") = "GenerateMapping", "GenerateMapping\GenerateMapping\GenerateMapping.csproj", "{7F671642-74D9-4834-8165-ED0F7C0436C8}"
EndProject
Project("{2150E333-8FDC-42A3-9474-1A3956D46DE8}") = "CopyPasteWithConversion", "CopyPasteWithConversion", "{71F24BA4-BC94-4717-83C3-A231F8AB8C7B}"
EndProject
Project("{FAE04EC0-301F-11D3-BF4B-00C04F79EFBC}") = "GenerateMapping.Vsix", "GenerateMapping\GenerateMapping.Vsix\GenerateMapping.Vsix.csproj", "{266614C7-DEFD-4789-AF1F-F7C7AE62A32C}"
EndProject
Global
	GlobalSection(SolutionConfigurationPlatforms) = preSolution
		Debug|Any CPU = Debug|Any CPU
		Debug|x86 = Debug|x86
		Release|Any CPU = Release|Any CPU
		Release|x86 = Release|x86
	EndGlobalSection
	GlobalSection(ProjectConfigurationPlatforms) = postSolution
		{EB11AB11-96C0-4FAA-A242-D14BB278F1C6}.Debug|Any CPU.ActiveCfg = Debug|Any CPU
		{EB11AB11-96C0-4FAA-A242-D14BB278F1C6}.Debug|Any CPU.Build.0 = Debug|Any CPU
		{EB11AB11-96C0-4FAA-A242-D14BB278F1C6}.Debug|x86.ActiveCfg = Debug|Any CPU
		{EB11AB11-96C0-4FAA-A242-D14BB278F1C6}.Debug|x86.Build.0 = Debug|Any CPU
		{EB11AB11-96C0-4FAA-A242-D14BB278F1C6}.Release|Any CPU.ActiveCfg = Release|Any CPU
		{EB11AB11-96C0-4FAA-A242-D14BB278F1C6}.Release|Any CPU.Build.0 = Release|Any CPU
		{EB11AB11-96C0-4FAA-A242-D14BB278F1C6}.Release|x86.ActiveCfg = Release|Any CPU
		{EB11AB11-96C0-4FAA-A242-D14BB278F1C6}.Release|x86.Build.0 = Release|Any CPU
		{FE114F42-D022-481A-94E3-2BB98766A936}.Debug|Any CPU.ActiveCfg = Debug|Any CPU
		{FE114F42-D022-481A-94E3-2BB98766A936}.Debug|Any CPU.Build.0 = Debug|Any CPU
		{FE114F42-D022-481A-94E3-2BB98766A936}.Debug|x86.ActiveCfg = Debug|Any CPU
		{FE114F42-D022-481A-94E3-2BB98766A936}.Debug|x86.Build.0 = Debug|Any CPU
		{FE114F42-D022-481A-94E3-2BB98766A936}.Release|Any CPU.ActiveCfg = Release|Any CPU
		{FE114F42-D022-481A-94E3-2BB98766A936}.Release|Any CPU.Build.0 = Release|Any CPU
		{FE114F42-D022-481A-94E3-2BB98766A936}.Release|x86.ActiveCfg = Release|Any CPU
		{FE114F42-D022-481A-94E3-2BB98766A936}.Release|x86.Build.0 = Release|Any CPU
		{BF68B22E-4D1C-4B5F-800A-4536D9B48F0F}.Debug|Any CPU.ActiveCfg = Debug|Any CPU
		{BF68B22E-4D1C-4B5F-800A-4536D9B48F0F}.Debug|Any CPU.Build.0 = Debug|Any CPU
		{BF68B22E-4D1C-4B5F-800A-4536D9B48F0F}.Debug|x86.ActiveCfg = Debug|x86
		{BF68B22E-4D1C-4B5F-800A-4536D9B48F0F}.Debug|x86.Build.0 = Debug|x86
		{BF68B22E-4D1C-4B5F-800A-4536D9B48F0F}.Release|Any CPU.ActiveCfg = Release|Any CPU
		{BF68B22E-4D1C-4B5F-800A-4536D9B48F0F}.Release|Any CPU.Build.0 = Release|Any CPU
		{BF68B22E-4D1C-4B5F-800A-4536D9B48F0F}.Release|x86.ActiveCfg = Release|x86
		{BF68B22E-4D1C-4B5F-800A-4536D9B48F0F}.Release|x86.Build.0 = Release|x86
		{BCD6821B-3A83-495F-B798-343F7182769B}.Debug|Any CPU.ActiveCfg = Debug|Any CPU
		{BCD6821B-3A83-495F-B798-343F7182769B}.Debug|Any CPU.Build.0 = Debug|Any CPU
		{BCD6821B-3A83-495F-B798-343F7182769B}.Debug|x86.ActiveCfg = Debug|Any CPU
		{BCD6821B-3A83-495F-B798-343F7182769B}.Debug|x86.Build.0 = Debug|Any CPU
		{BCD6821B-3A83-495F-B798-343F7182769B}.Release|Any CPU.ActiveCfg = Release|Any CPU
		{BCD6821B-3A83-495F-B798-343F7182769B}.Release|Any CPU.Build.0 = Release|Any CPU
		{BCD6821B-3A83-495F-B798-343F7182769B}.Release|x86.ActiveCfg = Release|Any CPU
		{BCD6821B-3A83-495F-B798-343F7182769B}.Release|x86.Build.0 = Release|Any CPU
		{81838463-3976-45D8-9B45-6B4C63464C4B}.Debug|Any CPU.ActiveCfg = Debug|Any CPU
		{81838463-3976-45D8-9B45-6B4C63464C4B}.Debug|Any CPU.Build.0 = Debug|Any CPU
		{81838463-3976-45D8-9B45-6B4C63464C4B}.Debug|x86.ActiveCfg = Debug|Any CPU
		{81838463-3976-45D8-9B45-6B4C63464C4B}.Debug|x86.Build.0 = Debug|Any CPU
		{81838463-3976-45D8-9B45-6B4C63464C4B}.Release|Any CPU.ActiveCfg = Release|Any CPU
		{81838463-3976-45D8-9B45-6B4C63464C4B}.Release|Any CPU.Build.0 = Release|Any CPU
		{81838463-3976-45D8-9B45-6B4C63464C4B}.Release|x86.ActiveCfg = Release|Any CPU
		{81838463-3976-45D8-9B45-6B4C63464C4B}.Release|x86.Build.0 = Release|Any CPU
		{2AD133BA-740F-45E3-9096-EE891435840C}.Debug|Any CPU.ActiveCfg = Debug|Any CPU
		{2AD133BA-740F-45E3-9096-EE891435840C}.Debug|Any CPU.Build.0 = Debug|Any CPU
		{2AD133BA-740F-45E3-9096-EE891435840C}.Debug|x86.ActiveCfg = Debug|Any CPU
		{2AD133BA-740F-45E3-9096-EE891435840C}.Debug|x86.Build.0 = Debug|Any CPU
		{2AD133BA-740F-45E3-9096-EE891435840C}.Release|Any CPU.ActiveCfg = Release|Any CPU
		{2AD133BA-740F-45E3-9096-EE891435840C}.Release|Any CPU.Build.0 = Release|Any CPU
		{2AD133BA-740F-45E3-9096-EE891435840C}.Release|x86.ActiveCfg = Release|Any CPU
		{2AD133BA-740F-45E3-9096-EE891435840C}.Release|x86.Build.0 = Release|Any CPU
		{AF0791D0-E054-4E6F-97C7-670B9C2886EE}.Debug|Any CPU.ActiveCfg = Debug|Any CPU
		{AF0791D0-E054-4E6F-97C7-670B9C2886EE}.Debug|Any CPU.Build.0 = Debug|Any CPU
		{AF0791D0-E054-4E6F-97C7-670B9C2886EE}.Debug|x86.ActiveCfg = Debug|x86
		{AF0791D0-E054-4E6F-97C7-670B9C2886EE}.Debug|x86.Build.0 = Debug|x86
		{AF0791D0-E054-4E6F-97C7-670B9C2886EE}.Release|Any CPU.ActiveCfg = Release|Any CPU
		{AF0791D0-E054-4E6F-97C7-670B9C2886EE}.Release|Any CPU.Build.0 = Release|Any CPU
		{AF0791D0-E054-4E6F-97C7-670B9C2886EE}.Release|x86.ActiveCfg = Release|x86
		{AF0791D0-E054-4E6F-97C7-670B9C2886EE}.Release|x86.Build.0 = Release|x86
		{FE6B34DD-ECA5-443D-A5AB-129C607D8C66}.Debug|Any CPU.ActiveCfg = Debug|Any CPU
		{FE6B34DD-ECA5-443D-A5AB-129C607D8C66}.Debug|Any CPU.Build.0 = Debug|Any CPU
		{FE6B34DD-ECA5-443D-A5AB-129C607D8C66}.Debug|x86.ActiveCfg = Debug|x86
		{FE6B34DD-ECA5-443D-A5AB-129C607D8C66}.Debug|x86.Build.0 = Debug|x86
		{FE6B34DD-ECA5-443D-A5AB-129C607D8C66}.Release|Any CPU.ActiveCfg = Release|Any CPU
		{FE6B34DD-ECA5-443D-A5AB-129C607D8C66}.Release|Any CPU.Build.0 = Release|Any CPU
		{FE6B34DD-ECA5-443D-A5AB-129C607D8C66}.Release|x86.ActiveCfg = Release|x86
		{FE6B34DD-ECA5-443D-A5AB-129C607D8C66}.Release|x86.Build.0 = Release|x86
		{349C2D32-16F2-456F-A7D5-85C504CB3352}.Debug|Any CPU.ActiveCfg = Debug|Any CPU
		{349C2D32-16F2-456F-A7D5-85C504CB3352}.Debug|Any CPU.Build.0 = Debug|Any CPU
		{349C2D32-16F2-456F-A7D5-85C504CB3352}.Debug|x86.ActiveCfg = Debug|Any CPU
		{349C2D32-16F2-456F-A7D5-85C504CB3352}.Debug|x86.Build.0 = Debug|Any CPU
		{349C2D32-16F2-456F-A7D5-85C504CB3352}.Release|Any CPU.ActiveCfg = Release|Any CPU
		{349C2D32-16F2-456F-A7D5-85C504CB3352}.Release|Any CPU.Build.0 = Release|Any CPU
		{349C2D32-16F2-456F-A7D5-85C504CB3352}.Release|x86.ActiveCfg = Release|Any CPU
		{349C2D32-16F2-456F-A7D5-85C504CB3352}.Release|x86.Build.0 = Release|Any CPU
		{3B6DEB53-E66F-4450-A4E0-1DD647533888}.Debug|Any CPU.ActiveCfg = Debug|Any CPU
		{3B6DEB53-E66F-4450-A4E0-1DD647533888}.Debug|Any CPU.Build.0 = Debug|Any CPU
		{3B6DEB53-E66F-4450-A4E0-1DD647533888}.Debug|x86.ActiveCfg = Debug|x86
		{3B6DEB53-E66F-4450-A4E0-1DD647533888}.Debug|x86.Build.0 = Debug|x86
		{3B6DEB53-E66F-4450-A4E0-1DD647533888}.Release|Any CPU.ActiveCfg = Release|Any CPU
		{3B6DEB53-E66F-4450-A4E0-1DD647533888}.Release|Any CPU.Build.0 = Release|Any CPU
		{3B6DEB53-E66F-4450-A4E0-1DD647533888}.Release|x86.ActiveCfg = Release|x86
		{3B6DEB53-E66F-4450-A4E0-1DD647533888}.Release|x86.Build.0 = Release|x86
		{3C2D415B-C81B-4F4F-914B-50BEBEA357FE}.Debug|Any CPU.ActiveCfg = Debug|Any CPU
		{3C2D415B-C81B-4F4F-914B-50BEBEA357FE}.Debug|Any CPU.Build.0 = Debug|Any CPU
		{3C2D415B-C81B-4F4F-914B-50BEBEA357FE}.Debug|x86.ActiveCfg = Debug|Any CPU
		{3C2D415B-C81B-4F4F-914B-50BEBEA357FE}.Debug|x86.Build.0 = Debug|Any CPU
		{3C2D415B-C81B-4F4F-914B-50BEBEA357FE}.Release|Any CPU.ActiveCfg = Release|Any CPU
		{3C2D415B-C81B-4F4F-914B-50BEBEA357FE}.Release|Any CPU.Build.0 = Release|Any CPU
		{3C2D415B-C81B-4F4F-914B-50BEBEA357FE}.Release|x86.ActiveCfg = Release|Any CPU
		{3C2D415B-C81B-4F4F-914B-50BEBEA357FE}.Release|x86.Build.0 = Release|Any CPU
		{C8E3D4B9-87C4-4414-A8D5-1AD9703742D1}.Debug|Any CPU.ActiveCfg = Debug|Any CPU
		{C8E3D4B9-87C4-4414-A8D5-1AD9703742D1}.Debug|Any CPU.Build.0 = Debug|Any CPU
		{C8E3D4B9-87C4-4414-A8D5-1AD9703742D1}.Debug|x86.ActiveCfg = Debug|x86
		{C8E3D4B9-87C4-4414-A8D5-1AD9703742D1}.Debug|x86.Build.0 = Debug|x86
		{C8E3D4B9-87C4-4414-A8D5-1AD9703742D1}.Release|Any CPU.ActiveCfg = Release|Any CPU
		{C8E3D4B9-87C4-4414-A8D5-1AD9703742D1}.Release|Any CPU.Build.0 = Release|Any CPU
		{C8E3D4B9-87C4-4414-A8D5-1AD9703742D1}.Release|x86.ActiveCfg = Release|x86
		{C8E3D4B9-87C4-4414-A8D5-1AD9703742D1}.Release|x86.Build.0 = Release|x86
		{54E030C6-CEEC-46F4-A4F1-45EFB6F1954F}.Debug|Any CPU.ActiveCfg = Debug|Any CPU
		{54E030C6-CEEC-46F4-A4F1-45EFB6F1954F}.Debug|Any CPU.Build.0 = Debug|Any CPU
		{54E030C6-CEEC-46F4-A4F1-45EFB6F1954F}.Debug|x86.ActiveCfg = Debug|Any CPU
		{54E030C6-CEEC-46F4-A4F1-45EFB6F1954F}.Debug|x86.Build.0 = Debug|Any CPU
		{54E030C6-CEEC-46F4-A4F1-45EFB6F1954F}.Release|Any CPU.ActiveCfg = Release|Any CPU
		{54E030C6-CEEC-46F4-A4F1-45EFB6F1954F}.Release|Any CPU.Build.0 = Release|Any CPU
		{54E030C6-CEEC-46F4-A4F1-45EFB6F1954F}.Release|x86.ActiveCfg = Release|Any CPU
		{54E030C6-CEEC-46F4-A4F1-45EFB6F1954F}.Release|x86.Build.0 = Release|Any CPU
		{56D5EC48-6C03-4AC4-A415-67D2DA8FFDE3}.Debug|Any CPU.ActiveCfg = Debug|Any CPU
		{56D5EC48-6C03-4AC4-A415-67D2DA8FFDE3}.Debug|Any CPU.Build.0 = Debug|Any CPU
		{56D5EC48-6C03-4AC4-A415-67D2DA8FFDE3}.Debug|x86.ActiveCfg = Debug|x86
		{56D5EC48-6C03-4AC4-A415-67D2DA8FFDE3}.Debug|x86.Build.0 = Debug|x86
		{56D5EC48-6C03-4AC4-A415-67D2DA8FFDE3}.Release|Any CPU.ActiveCfg = Release|Any CPU
		{56D5EC48-6C03-4AC4-A415-67D2DA8FFDE3}.Release|Any CPU.Build.0 = Release|Any CPU
		{56D5EC48-6C03-4AC4-A415-67D2DA8FFDE3}.Release|x86.ActiveCfg = Release|x86
		{56D5EC48-6C03-4AC4-A415-67D2DA8FFDE3}.Release|x86.Build.0 = Release|x86
		{F3B99878-F0DB-4E50-86CF-C34BC84760AE}.Debug|Any CPU.ActiveCfg = Debug|Any CPU
		{F3B99878-F0DB-4E50-86CF-C34BC84760AE}.Debug|Any CPU.Build.0 = Debug|Any CPU
		{F3B99878-F0DB-4E50-86CF-C34BC84760AE}.Debug|x86.ActiveCfg = Debug|x86
		{F3B99878-F0DB-4E50-86CF-C34BC84760AE}.Debug|x86.Build.0 = Debug|x86
		{F3B99878-F0DB-4E50-86CF-C34BC84760AE}.Release|Any CPU.ActiveCfg = Release|Any CPU
		{F3B99878-F0DB-4E50-86CF-C34BC84760AE}.Release|Any CPU.Build.0 = Release|Any CPU
		{F3B99878-F0DB-4E50-86CF-C34BC84760AE}.Release|x86.ActiveCfg = Release|x86
		{F3B99878-F0DB-4E50-86CF-C34BC84760AE}.Release|x86.Build.0 = Release|x86
		{7F671642-74D9-4834-8165-ED0F7C0436C8}.Debug|Any CPU.ActiveCfg = Debug|Any CPU
		{7F671642-74D9-4834-8165-ED0F7C0436C8}.Debug|Any CPU.Build.0 = Debug|Any CPU
		{7F671642-74D9-4834-8165-ED0F7C0436C8}.Debug|x86.ActiveCfg = Debug|Any CPU
		{7F671642-74D9-4834-8165-ED0F7C0436C8}.Debug|x86.Build.0 = Debug|Any CPU
		{7F671642-74D9-4834-8165-ED0F7C0436C8}.Release|Any CPU.ActiveCfg = Release|Any CPU
		{7F671642-74D9-4834-8165-ED0F7C0436C8}.Release|Any CPU.Build.0 = Release|Any CPU
		{7F671642-74D9-4834-8165-ED0F7C0436C8}.Release|x86.ActiveCfg = Release|Any CPU
		{7F671642-74D9-4834-8165-ED0F7C0436C8}.Release|x86.Build.0 = Release|Any CPU
		{266614C7-DEFD-4789-AF1F-F7C7AE62A32C}.Debug|Any CPU.ActiveCfg = Debug|Any CPU
		{266614C7-DEFD-4789-AF1F-F7C7AE62A32C}.Debug|Any CPU.Build.0 = Debug|Any CPU
		{266614C7-DEFD-4789-AF1F-F7C7AE62A32C}.Debug|x86.ActiveCfg = Debug|x86
		{266614C7-DEFD-4789-AF1F-F7C7AE62A32C}.Debug|x86.Build.0 = Debug|x86
		{266614C7-DEFD-4789-AF1F-F7C7AE62A32C}.Release|Any CPU.ActiveCfg = Release|Any CPU
		{266614C7-DEFD-4789-AF1F-F7C7AE62A32C}.Release|Any CPU.Build.0 = Release|Any CPU
		{266614C7-DEFD-4789-AF1F-F7C7AE62A32C}.Release|x86.ActiveCfg = Release|x86
		{266614C7-DEFD-4789-AF1F-F7C7AE62A32C}.Release|x86.Build.0 = Release|x86
	EndGlobalSection
	GlobalSection(SolutionProperties) = preSolution
		HideSolutionNode = FALSE
	EndGlobalSection
	GlobalSection(NestedProjects) = preSolution
		{FE114F42-D022-481A-94E3-2BB98766A936} = {53B60D45-8F1F-44EC-8522-BBEE68E74537}
		{BF68B22E-4D1C-4B5F-800A-4536D9B48F0F} = {53B60D45-8F1F-44EC-8522-BBEE68E74537}
		{81838463-3976-45D8-9B45-6B4C63464C4B} = {712F0CBB-F153-45FE-84B2-0DC5D86DD7C0}
		{2AD133BA-740F-45E3-9096-EE891435840C} = {167FD632-921F-4EDE-A4A9-2BBEE6567A47}
		{AF0791D0-E054-4E6F-97C7-670B9C2886EE} = {712F0CBB-F153-45FE-84B2-0DC5D86DD7C0}
		{FE6B34DD-ECA5-443D-A5AB-129C607D8C66} = {167FD632-921F-4EDE-A4A9-2BBEE6567A47}
		{349C2D32-16F2-456F-A7D5-85C504CB3352} = {77C278D1-09E9-4E98-9C08-1B7EABD9738B}
		{3B6DEB53-E66F-4450-A4E0-1DD647533888} = {77C278D1-09E9-4E98-9C08-1B7EABD9738B}
		{3C2D415B-C81B-4F4F-914B-50BEBEA357FE} = {0A531BC9-8BDA-4E3F-98DC-81AE8B03E924}
		{C8E3D4B9-87C4-4414-A8D5-1AD9703742D1} = {0A531BC9-8BDA-4E3F-98DC-81AE8B03E924}
		{54E030C6-CEEC-46F4-A4F1-45EFB6F1954F} = {54B9B57C-654A-4894-B553-4DCCFEFD9A82}
		{56D5EC48-6C03-4AC4-A415-67D2DA8FFDE3} = {54B9B57C-654A-4894-B553-4DCCFEFD9A82}
		{F3B99878-F0DB-4E50-86CF-C34BC84760AE} = {71F24BA4-BC94-4717-83C3-A231F8AB8C7B}
	EndGlobalSection
	GlobalSection(ExtensibilityGlobals) = postSolution
		SolutionGuid = {0A50F08E-66E4-4984-97AF-44448614F406}
	EndGlobalSection
EndGlobal
